
Microsoft Visual Studio Solution File, Format Version 12.00
# Visual Studio 15
VisualStudioVersion = 15.0.27703.2035
MinimumVisualStudioVersion = 10.0.40219.1
Project("{FAE04EC0-301F-11D3-BF4B-00C04F79EFBC}") = "RoryMarks", "RoryMarks\RoryMarks.csproj", "{10D92E88-FBA0-4AF1-B673-CCA3E6F1FD27}"
EndProject
Global
	GlobalSection(SolutionConfigurationPlatforms) = preSolution
		Debug|Any CPU = Debug|Any CPU
		Release|Any CPU = Release|Any CPU
	EndGlobalSection
	GlobalSection(ProjectConfigurationPlatforms) = postSolution
		{10D92E88-FBA0-4AF1-B673-CCA3E6F1FD27}.Debug|Any CPU.ActiveCfg = Debug|Any CPU
		{10D92E88-FBA0-4AF1-B673-CCA3E6F1FD27}.Debug|Any CPU.Build.0 = Debug|Any CPU
		{10D92E88-FBA0-4AF1-B673-CCA3E6F1FD27}.Release|Any CPU.ActiveCfg = Release|Any CPU
		{10D92E88-FBA0-4AF1-B673-CCA3E6F1FD27}.Release|Any CPU.Build.0 = Release|Any CPU
	EndGlobalSection
	GlobalSection(SolutionProperties) = preSolution
		HideSolutionNode = FALSE
	EndGlobalSection
	GlobalSection(ExtensibilityGlobals) = postSolution
		SolutionGuid = {DA077D54-2EA0-497B-8DCA-AAF9CBD89F74}
	EndGlobalSection
EndGlobal
